
Microsoft Visual Studio Solution File, Format Version 12.00
# Visual Studio Version 17
VisualStudioVersion = 17.8.34408.163
MinimumVisualStudioVersion = 10.0.40219.1
Project("{FAE04EC0-301F-11D3-BF4B-00C04F79EFBC}") = "RegularExpProjects", "RegularExpProjects\RegularExpProjects.csproj", "{B0FDA47C-B371-4E66-837B-CF2F2CE99535}"
EndProject
Global
	GlobalSection(SolutionConfigurationPlatforms) = preSolution
		Debug|Any CPU = Debug|Any CPU
		Release|Any CPU = Release|Any CPU
	EndGlobalSection
	GlobalSection(ProjectConfigurationPlatforms) = postSolution
		{B0FDA47C-B371-4E66-837B-CF2F2CE99535}.Debug|Any CPU.ActiveCfg = Debug|Any CPU
		{B0FDA47C-B371-4E66-837B-CF2F2CE99535}.Debug|Any CPU.Build.0 = Debug|Any CPU
		{B0FDA47C-B371-4E66-837B-CF2F2CE99535}.Release|Any CPU.ActiveCfg = Release|Any CPU
		{B0FDA47C-B371-4E66-837B-CF2F2CE99535}.Release|Any CPU.Build.0 = Release|Any CPU
	EndGlobalSection
	GlobalSection(SolutionProperties) = preSolution
		HideSolutionNode = FALSE
	EndGlobalSection
	GlobalSection(ExtensibilityGlobals) = postSolution
		SolutionGuid = {E5ADAE8F-A7B2-47E4-9F8E-6AFED2E72375}
	EndGlobalSection
EndGlobal
